
Microsoft Visual Studio Solution File, Format Version 12.00
# Visual Studio 15
VisualStudioVersion = 15.0.27703.2035
MinimumVisualStudioVersion = 10.0.40219.1
Project("{FAE04EC0-301F-11D3-BF4B-00C04F79EFBC}") = "MprIsocurveMvvmViewer", "MprIsocurveGeneration\MprIsocurveMvvmViewer.csproj", "{657C931C-2A60-47E2-8389-818DFAB095F8}"
EndProject
Project("{2150E333-8FDC-42A3-9474-1A3956D46DE8}") = ".nuget", ".nuget", "{1424EAB5-5DF1-4047-8C28-7E84D7F919A7}"
	ProjectSection(SolutionItems) = preProject
		.nuget\NuGet.Config = .nuget\NuGet.Config
		.nuget\NuGet.exe = .nuget\NuGet.exe
		.nuget\NuGet.targets = .nuget\NuGet.targets
	EndProjectSection
EndProject
Project("{FAE04EC0-301F-11D3-BF4B-00C04F79EFBC}") = "DataLoaderModule", "DataLoaderModule\DataLoaderModule.csproj", "{0DF35AB2-800A-4148-8052-7723B9F348A1}"
EndProject
Project("{FAE04EC0-301F-11D3-BF4B-00C04F79EFBC}") = "RenderModule", "RenderModule\RenderModule.csproj", "{E04209A3-2E38-4DF9-846C-99C86D8A5B5F}"
EndProject
Project("{FAE04EC0-301F-11D3-BF4B-00C04F79EFBC}") = "Infrastructure", "Infrastructure\Infrastructure.csproj", "{4D934733-E2BA-4CE3-90AE-D41321420BF9}"
EndProject
Project("{F2A71F9B-5D33-465A-A702-920D77279786}") = "FsRenderModule", "FsRenderModule\FsRenderModule.fsproj", "{3F929FD7-719B-4351-84AB-272B535498EC}"
EndProject
Global
	GlobalSection(SolutionConfigurationPlatforms) = preSolution
		Debug|Any CPU = Debug|Any CPU
		Release|Any CPU = Release|Any CPU
	EndGlobalSection
	GlobalSection(ProjectConfigurationPlatforms) = postSolution
		{657C931C-2A60-47E2-8389-818DFAB095F8}.Debug|Any CPU.ActiveCfg = Debug|Any CPU
		{657C931C-2A60-47E2-8389-818DFAB095F8}.Debug|Any CPU.Build.0 = Debug|Any CPU
		{657C931C-2A60-47E2-8389-818DFAB095F8}.Release|Any CPU.ActiveCfg = Release|Any CPU
		{657C931C-2A60-47E2-8389-818DFAB095F8}.Release|Any CPU.Build.0 = Release|Any CPU
		{0DF35AB2-800A-4148-8052-7723B9F348A1}.Debug|Any CPU.ActiveCfg = Debug|Any CPU
		{0DF35AB2-800A-4148-8052-7723B9F348A1}.Debug|Any CPU.Build.0 = Debug|Any CPU
		{0DF35AB2-800A-4148-8052-7723B9F348A1}.Release|Any CPU.ActiveCfg = Release|Any CPU
		{0DF35AB2-800A-4148-8052-7723B9F348A1}.Release|Any CPU.Build.0 = Release|Any CPU
		{E04209A3-2E38-4DF9-846C-99C86D8A5B5F}.Debug|Any CPU.ActiveCfg = Debug|Any CPU
		{E04209A3-2E38-4DF9-846C-99C86D8A5B5F}.Debug|Any CPU.Build.0 = Debug|Any CPU
		{E04209A3-2E38-4DF9-846C-99C86D8A5B5F}.Release|Any CPU.ActiveCfg = Release|Any CPU
		{E04209A3-2E38-4DF9-846C-99C86D8A5B5F}.Release|Any CPU.Build.0 = Release|Any CPU
		{4D934733-E2BA-4CE3-90AE-D41321420BF9}.Debug|Any CPU.ActiveCfg = Debug|Any CPU
		{4D934733-E2BA-4CE3-90AE-D41321420BF9}.Debug|Any CPU.Build.0 = Debug|Any CPU
		{4D934733-E2BA-4CE3-90AE-D41321420BF9}.Release|Any CPU.ActiveCfg = Release|Any CPU
		{4D934733-E2BA-4CE3-90AE-D41321420BF9}.Release|Any CPU.Build.0 = Release|Any CPU
		{3F929FD7-719B-4351-84AB-272B535498EC}.Debug|Any CPU.ActiveCfg = Debug|Any CPU
		{3F929FD7-719B-4351-84AB-272B535498EC}.Debug|Any CPU.Build.0 = Debug|Any CPU
		{3F929FD7-719B-4351-84AB-272B535498EC}.Release|Any CPU.ActiveCfg = Release|Any CPU
		{3F929FD7-719B-4351-84AB-272B535498EC}.Release|Any CPU.Build.0 = Release|Any CPU
	EndGlobalSection
	GlobalSection(SolutionProperties) = preSolution
		HideSolutionNode = FALSE
	EndGlobalSection
	GlobalSection(ExtensibilityGlobals) = postSolution
		SolutionGuid = {6DFD180F-A7E4-4316-8F11-04C7E53E4847}
	EndGlobalSection
EndGlobal
